<?xml version="1.0" encoding="utf-8"?>
<Project ToolsVersion="4.0" xmlns="http://schemas.microsoft.com/developer/msbuild/2003">
  <ItemGroup>
    <Filter Include="Common">
      <UniqueIdentifier>{86c4e994-d122-45e7-be0a-9eb12e0c6bdd}</UniqueIdentifier>
    </Filter>
    <Filter Include="Windows">
      <UniqueIdentifier>{0e813a38-3931-459e-8c81-5b832275d032}</UniqueIdentifier>
    </Filter>
    <Filter Include="Common\include">
      <UniqueIdentifier>{ebdc43fc-6a8a-4d8d-8ba9-e4fa9b33abf5}</UniqueIdentifier>
    </Filter>
    <Filter Include="Common\src">
      <UniqueIdentifier>{cc0c7c7e-559e-44f2-9948-064f511405af}</UniqueIdentifier>
    </Filter>
    <Filter Include="Windows\include">
      <UniqueIdentifier>{7441ad06-d34b-477b-98b6-02840beccbdd}</UniqueIdentifier>
    </Filter>
    <Filter Include="Windows\src">
      <UniqueIdentifier>{7c7e2db9-cb14-4fa5-a18d-b77b8b9c0a0b}</UniqueIdentifier>
    </Filter>
    <Filter Include="Common\include\Sciotomath">
      <UniqueIdentifier>{b6d4250c-d594-4e8d-adbf-2dbf02930fa9}</UniqueIdentifier>
    </Filter>
    <Filter Include="Android">
      <UniqueIdentifier>{0e60b025-a097-4113-ae25-b3f41e897745}</UniqueIdentifier>
    </Filter>
    <Filter Include="Android\include">
      <UniqueIdentifier>{0a03d8a1-9df2-4e07-9aa5-3daaa79f97cd}</UniqueIdentifier>
    </Filter>
    <Filter Include="Android\src">
      <UniqueIdentifier>{02432eac-f630-45a9-ac64-3f80b1c6d4fb}</UniqueIdentifier>
    </Filter>
    <Filter Include="Common\src\Sciotomath">
      <UniqueIdentifier>{26a240d8-408e-447a-b192-827ac562eafe}</UniqueIdentifier>
    </Filter>
  </ItemGroup>
  <ItemGroup>
    <ClInclude Include="include\Win32toAndroid.h">
      <Filter>Windows\include</Filter>
    </ClInclude>
    <ClInclude Include="include\Window.h">
      <Filter>Windows\include</Filter>
    </ClInclude>
    <ClInclude Include="..\Common\include\Engine.h">
      <Filter>Common\include</Filter>
    </ClInclude>
    <ClInclude Include="..\Common\include\Sciotomath\Math.h">
      <Filter>Common\include\Sciotomath</Filter>
    </ClInclude>
    <ClInclude Include="..\Common\include\Shader.h">
      <Filter>Common\include</Filter>
    </ClInclude>
    <ClInclude Include="include\OpenGLDeclarator.h">
      <Filter>Windows\include</Filter>
    </ClInclude>
    <ClInclude Include="..\Common\include\OpenGL.h">
      <Filter>Common\include</Filter>
    </ClInclude>
    <ClInclude Include="..\Common\include\Sciotomath\Rectangle.h">
      <Filter>Common\include\Sciotomath</Filter>
    </ClInclude>
    <ClInclude Include="..\Common\include\Sciotomath\Vector.h">
      <Filter>Common\include\Sciotomath</Filter>
    </ClInclude>
    <ClInclude Include="..\Common\include\Sciotomath\Vector2.h">
      <Filter>Common\include\Sciotomath</Filter>
    </ClInclude>
    <ClInclude Include="..\Common\include\Sciotomath\Vector3.h">
      <Filter>Common\include\Sciotomath</Filter>
    </ClInclude>
    <ClInclude Include="..\Common\include\Sciotomath\Vector4.h">
      <Filter>Common\include\Sciotomath</Filter>
    </ClInclude>
    <ClInclude Include="..\Common\include\Viewport.h">
      <Filter>Common\include</Filter>
    </ClInclude>
    <ClInclude Include="..\Common\include\FileReader.h">
      <Filter>Common\include</Filter>
    </ClInclude>
    <ClInclude Include="..\Common\include\Texture.h">
      <Filter>Common\include</Filter>
    </ClInclude>
    <ClInclude Include="..\Common\include\Sprite.h">
      <Filter>Common\include</Filter>
    </ClInclude>
    <ClInclude Include="..\Common\include\Debug.h">
      <Filter>Common\include</Filter>
    </ClInclude>
    <ClInclude Include="..\Common\include\SpriteBatch.h">
      <Filter>Common\include</Filter>
    </ClInclude>
    <ClInclude Include="..\Common\include\Drawable.h">
      <Filter>Common\include</Filter>
    </ClInclude>
    <ClInclude Include="..\Common\include\Utils.h">
      <Filter>Common\include</Filter>
    </ClInclude>
    <ClInclude Include="..\Common\include\Sciotomath\Matrix4.h">
      <Filter>Common\include\Sciotomath</Filter>
    </ClInclude>
    <ClInclude Include="..\Common\include\Sciotomath\Matrix.h">
      <Filter>Common\include\Sciotomath</Filter>
    </ClInclude>
    <ClInclude Include="..\Common\include\Sciotomath\Matrix3.h">
      <Filter>Common\include\Sciotomath</Filter>
    </ClInclude>
  </ItemGroup>
  <ItemGroup>
    <ClCompile Include="src\Window.cpp">
      <Filter>Windows\src</Filter>
    </ClCompile>
    <ClCompile Include="src\WinMain.cpp">
      <Filter>Windows\src</Filter>
    </ClCompile>
    <ClCompile Include="..\Common\src\Engine.cpp">
      <Filter>Common\src</Filter>
    </ClCompile>
    <ClCompile Include="..\Android\src\gl_code.cpp">
      <Filter>Android\src</Filter>
    </ClCompile>
    <ClCompile Include="..\Common\src\Debug.cpp">
      <Filter>Common\src</Filter>
    </ClCompile>
    <ClCompile Include="..\Common\src\Shader.cpp">
      <Filter>Common\src</Filter>
    </ClCompile>
    <ClCompile Include="src\OpenGLDeclarator.cpp">
      <Filter>Windows\src</Filter>
    </ClCompile>
    <ClCompile Include="..\Common\src\Sciotomath\Rectangle.cpp">
      <Filter>Common\src\Sciotomath</Filter>
    </ClCompile>
    <ClCompile Include="..\Common\src\Sciotomath\Vector3.cpp">
      <Filter>Common\src\Sciotomath</Filter>
    </ClCompile>
    <ClCompile Include="..\Common\src\Sciotomath\Vector2.cpp">
      <Filter>Common\src\Sciotomath</Filter>
    </ClCompile>
    <ClCompile Include="..\Common\src\Sciotomath\Vector4.cpp">
      <Filter>Common\src\Sciotomath</Filter>
    </ClCompile>
    <ClCompile Include="..\Common\src\Viewport.cpp">
      <Filter>Common\src</Filter>
    </ClCompile>
    <ClCompile Include="..\Common\src\FileReader.cpp">
      <Filter>Common\src</Filter>
    </ClCompile>
    <ClCompile Include="..\Common\src\Texture.cpp">
      <Filter>Common\src</Filter>
    </ClCompile>
    <ClCompile Include="..\Common\src\Sprite.cpp">
      <Filter>Common\src</Filter>
    </ClCompile>
    <ClCompile Include="..\Common\src\SpriteBatch.cpp">
      <Filter>Common\src</Filter>
    </ClCompile>
    <ClCompile Include="..\Common\src\Drawable.cpp">
      <Filter>Common\src</Filter>
    </ClCompile>
    <ClCompile Include="..\Common\src\Utils.cpp">
      <Filter>Common\src</Filter>
    </ClCompile>
    <ClCompile Include="..\Common\src\Sciotomath\Matrix4.cpp">
      <Filter>Common\src\Sciotomath</Filter>
    </ClCompile>
    <ClCompile Include="..\Common\src\Sciotomath\Matrix3.cpp">
      <Filter>Common\src\Sciotomath</Filter>
    </ClCompile>
  </ItemGroup>
</Project>